
Microsoft Visual Studio Solution File, Format Version 12.00
# Visual Studio Version 17
VisualStudioVersion = 17.5.002.0
MinimumVisualStudioVersion = 10.0.40219.1
Project("{9A19103F-16F7-4668-BE54-9A1E7A4F7556}") = "Exe01", "Exe01\Exe01.csproj", "{0F9A2EA9-038A-4F80-ADAD-17038158A3E4}"
EndProject
Project("{9A19103F-16F7-4668-BE54-9A1E7A4F7556}") = "Exe02", "Exe02\Exe02.csproj", "{D44EBE87-A485-456C-B1E7-8BA78A449ADF}"
EndProject
Project("{9A19103F-16F7-4668-BE54-9A1E7A4F7556}") = "Exe03", "Exe03\Exe03.csproj", "{9DA82B75-D35C-4DD0-B9D6-26767A28184B}"
EndProject
Project("{9A19103F-16F7-4668-BE54-9A1E7A4F7556}") = "exe04", "Exe04\exe04.csproj", "{9B729231-9177-4500-B397-C0B4D3C20034}"
EndProject
Global
	GlobalSection(SolutionConfigurationPlatforms) = preSolution
		Debug|Any CPU = Debug|Any CPU
		Release|Any CPU = Release|Any CPU
	EndGlobalSection
	GlobalSection(ProjectConfigurationPlatforms) = postSolution
		{0F9A2EA9-038A-4F80-ADAD-17038158A3E4}.Debug|Any CPU.ActiveCfg = Debug|Any CPU
		{0F9A2EA9-038A-4F80-ADAD-17038158A3E4}.Debug|Any CPU.Build.0 = Debug|Any CPU
		{0F9A2EA9-038A-4F80-ADAD-17038158A3E4}.Release|Any CPU.ActiveCfg = Release|Any CPU
		{0F9A2EA9-038A-4F80-ADAD-17038158A3E4}.Release|Any CPU.Build.0 = Release|Any CPU
		{D44EBE87-A485-456C-B1E7-8BA78A449ADF}.Debug|Any CPU.ActiveCfg = Debug|Any CPU
		{D44EBE87-A485-456C-B1E7-8BA78A449ADF}.Debug|Any CPU.Build.0 = Debug|Any CPU
		{D44EBE87-A485-456C-B1E7-8BA78A449ADF}.Release|Any CPU.ActiveCfg = Release|Any CPU
		{D44EBE87-A485-456C-B1E7-8BA78A449ADF}.Release|Any CPU.Build.0 = Release|Any CPU
		{9DA82B75-D35C-4DD0-B9D6-26767A28184B}.Debug|Any CPU.ActiveCfg = Debug|Any CPU
		{9DA82B75-D35C-4DD0-B9D6-26767A28184B}.Debug|Any CPU.Build.0 = Debug|Any CPU
		{9DA82B75-D35C-4DD0-B9D6-26767A28184B}.Release|Any CPU.ActiveCfg = Release|Any CPU
		{9DA82B75-D35C-4DD0-B9D6-26767A28184B}.Release|Any CPU.Build.0 = Release|Any CPU
		{9B729231-9177-4500-B397-C0B4D3C20034}.Debug|Any CPU.ActiveCfg = Debug|Any CPU
		{9B729231-9177-4500-B397-C0B4D3C20034}.Debug|Any CPU.Build.0 = Debug|Any CPU
		{9B729231-9177-4500-B397-C0B4D3C20034}.Release|Any CPU.ActiveCfg = Release|Any CPU
		{9B729231-9177-4500-B397-C0B4D3C20034}.Release|Any CPU.Build.0 = Release|Any CPU
	EndGlobalSection
	GlobalSection(SolutionProperties) = preSolution
		HideSolutionNode = FALSE
	EndGlobalSection
	GlobalSection(ExtensibilityGlobals) = postSolution
		SolutionGuid = {BB6B41B0-25C5-40A8-BBAB-C36E2F7F182B}
	EndGlobalSection
EndGlobal
